<?xml version="1.0" encoding="utf-8"?>
<Project ToolsVersion="4.0" xmlns="http://schemas.microsoft.com/developer/msbuild/2003">
  <ItemGroup>
    <Filter Include="Source Files">
      <UniqueIdentifier>{4FC737F1-C7A5-4376-A066-2A32D752A2FF}</UniqueIdentifier>
      <Extensions>cpp;c;cc;cxx;c++;cppm;ixx;def;odl;idl;hpj;bat;asm;asmx</Extensions>
    </Filter>
    <Filter Include="Header Files">
      <UniqueIdentifier>{93995380-89BD-4b04-88EB-625FBE52EBFB}</UniqueIdentifier>
      <Extensions>h;hh;hpp;hxx;h++;hm;inl;inc;ipp;xsd</Extensions>
    </Filter>
    <Filter Include="Resource Files">
      <UniqueIdentifier>{67DA6AB6-F800-4c08-8B7A-83BB121AAD01}</UniqueIdentifier>
      <Extensions>rc;ico;cur;bmp;dlg;rc2;rct;bin;rgs;gif;jpg;jpeg;jpe;resx;tiff;tif;png;wav;mfcribbon-ms</Extensions>
    </Filter>
  </ItemGroup>
  <ItemGroup>
    <ClCompile Include="main.cpp">
      <Filter>Source Files</Filter>
    </ClCompile>
    <ClCompile Include="pixy2_libs\common\src\chirp.cpp">
      <Filter>Source Files</Filter>
    </ClCompile>
    <ClCompile Include="pixy2_libs\host\libpixyusb2\src\libpixyusb2.cpp">
      <Filter>Source Files</Filter>
    </ClCompile>
    <ClCompile Include="pixy2_libs\host\libpixyusb2\src\usblink.cpp">
      <Filter>Source Files</Filter>
    </ClCompile>
    <ClCompile Include="pixy2_libs\host\libpixyusb2\src\util.cpp">
      <Filter>Source Files</Filter>
    </ClCompile>
  </ItemGroup>
  <ItemGroup>
    <ClInclude Include="pixy2_libs\host\libpixyusb2\include\libpixyusb2.h">
      <Filter>Header Files</Filter>
    </ClInclude>
    <ClInclude Include="pixy2_libs\host\libpixyusb2\include\usblink.h">
      <Filter>Header Files</Filter>
    </ClInclude>
    <ClInclude Include="pixy2_libs\host\libpixyusb2\include\util.h">
      <Filter>Header Files</Filter>
    </ClInclude>
    <ClInclude Include="pixy2_libs\host\arduino\libraries\Pixy2\Pixy2.h">
      <Filter>Header Files</Filter>
    </ClInclude>
    <ClInclude Include="pixy2_libs\host\arduino\libraries\Pixy2\Pixy2CCC.h">
      <Filter>Header Files</Filter>
    </ClInclude>
    <ClInclude Include="pixy2_libs\host\arduino\libraries\Pixy2\Pixy2I2C.h">
      <Filter>Header Files</Filter>
    </ClInclude>
    <ClInclude Include="pixy2_libs\host\arduino\libraries\Pixy2\Pixy2Line.h">
      <Filter>Header Files</Filter>
    </ClInclude>
    <ClInclude Include="pixy2_libs\host\arduino\libraries\Pixy2\Pixy2SPI_SS.h">
      <Filter>Header Files</Filter>
    </ClInclude>
    <ClInclude Include="pixy2_libs\host\arduino\libraries\Pixy2\Pixy2UART.h">
      <Filter>Header Files</Filter>
    </ClInclude>
    <ClInclude Include="pixy2_libs\host\arduino\libraries\Pixy2\Pixy2Video.h">
      <Filter>Header Files</Filter>
    </ClInclude>
    <ClInclude Include="pixy2_libs\host\arduino\libraries\Pixy2\TPixy2.h">
      <Filter>Header Files</Filter>
    </ClInclude>
    <ClInclude Include="pixy2_libs\common\inc\colorlut.h">
      <Filter>Header Files</Filter>
    </ClInclude>
    <ClInclude Include="pixy2_libs\common\inc\link.h">
      <Filter>Header Files</Filter>
    </ClInclude>
    <ClInclude Include="pixy2_libs\common\inc\pixydefs.h">
      <Filter>Header Files</Filter>
    </ClInclude>
    <ClInclude Include="pixy2_libs\common\inc\pixytypes.h">
      <Filter>Header Files</Filter>
    </ClInclude>
    <ClInclude Include="pixy2_libs\common\inc\chirp.hpp">
      <Filter>Header Files</Filter>
    </ClInclude>
    <ClInclude Include="libusb-1.0.27\include\libusb.h">
      <Filter>Header Files</Filter>
    </ClInclude>
  </ItemGroup>
</Project>